
Microsoft Visual Studio Solution File, Format Version 12.00
# Visual Studio Version 17
VisualStudioVersion = 17.5.002.0
MinimumVisualStudioVersion = 10.0.40219.1
Project("{9A19103F-16F7-4668-BE54-9A1E7A4F7556}") = "task69", "task69.csproj", "{10D70551-AE63-4F19-9C3E-4552C2029378}"
EndProject
Project("{9A19103F-16F7-4668-BE54-9A1E7A4F7556}") = "task66", "task66\task66.csproj", "{3C490E00-AA19-464A-B962-71F22801E2D9}"
EndProject
Project("{9A19103F-16F7-4668-BE54-9A1E7A4F7556}") = "task68", "task68\task68.csproj", "{DF9739B0-25CF-4069-9154-BD7B5536733B}"
EndProject
Project("{9A19103F-16F7-4668-BE54-9A1E7A4F7556}") = "task57", "task57\task57.csproj", "{48EFE9D6-013C-4820-A6A0-E4E5C57454BF}"
EndProject
Project("{9A19103F-16F7-4668-BE54-9A1E7A4F7556}") = "task03", "task03\task03.csproj", "{A1D476C4-5E3C-4ABF-8508-896CA5257278}"
EndProject
Project("{9A19103F-16F7-4668-BE54-9A1E7A4F7556}") = "task04", "task04\task04.csproj", "{9A17D3A7-BFC5-4D84-A393-3AAC7E23F9CB}"
EndProject
Project("{9A19103F-16F7-4668-BE54-9A1E7A4F7556}") = "task69 (1)", "task69\task69.csproj", "{35CFE353-5A21-427C-BF24-4007D683BE1B}"
EndProject
Project("{9A19103F-16F7-4668-BE54-9A1E7A4F7556}") = "task51", "task51\task51.csproj", "{D2EBE62C-8307-4BB6-B446-67680B9292F4}"
EndProject
Project("{9A19103F-16F7-4668-BE54-9A1E7A4F7556}") = "task67", "task67\task67.csproj", "{58B0E684-9480-4EAE-955C-6282B68D1363}"
EndProject
Project("{9A19103F-16F7-4668-BE54-9A1E7A4F7556}") = "task34", "task34\task34.csproj", "{E5535E45-06BB-4E87-A09C-8AD4F0FD1A98}"
EndProject
Project("{9A19103F-16F7-4668-BE54-9A1E7A4F7556}") = "task05", "task05\task05.csproj", "{07DFBAE9-C313-462E-82FF-1FF5A30CD463}"
EndProject
Project("{9A19103F-16F7-4668-BE54-9A1E7A4F7556}") = "task02", "task02\task02.csproj", "{E0CA36EA-ACE1-41EA-9F5A-C939AB4FE3DD}"
EndProject
Project("{9A19103F-16F7-4668-BE54-9A1E7A4F7556}") = "task20", "task20\task20.csproj", "{136C4BE7-CD34-42BD-B7C9-478B4FBD49BE}"
EndProject
Project("{9A19103F-16F7-4668-BE54-9A1E7A4F7556}") = "task27", "task27\task27.csproj", "{04B8238F-12F8-4EB4-8E43-3FEEC1C95198}"
EndProject
Project("{9A19103F-16F7-4668-BE54-9A1E7A4F7556}") = "task29", "task29\task29.csproj", "{16519309-D757-40AC-B9F6-E81E1DBEAB70}"
EndProject
Project("{9A19103F-16F7-4668-BE54-9A1E7A4F7556}") = "task42", "task42\task42.csproj", "{BE7CB84E-84B2-41D0-87B8-18A79138F6F1}"
EndProject
Project("{9A19103F-16F7-4668-BE54-9A1E7A4F7556}") = "task10", "task10\task10.csproj", "{0B8A541B-B82C-4E41-9822-18AC004BB442}"
EndProject
Project("{9A19103F-16F7-4668-BE54-9A1E7A4F7556}") = "task19", "task19\task19.csproj", "{782B9AAA-A704-47F3-BA0B-F0FB2B0E08FE}"
EndProject
Project("{9A19103F-16F7-4668-BE54-9A1E7A4F7556}") = "task21", "task21\task21.csproj", "{313DE5AA-3BAB-4433-99FF-D9F297C422C7}"
EndProject
Project("{9A19103F-16F7-4668-BE54-9A1E7A4F7556}") = "task44", "task44\task44.csproj", "{647B4551-219F-4C3A-8355-921B583F2CFE}"
EndProject
Project("{9A19103F-16F7-4668-BE54-9A1E7A4F7556}") = "task43", "task43\task43.csproj", "{26248807-06A3-4108-836C-101811FD6416}"
EndProject
Project("{9A19103F-16F7-4668-BE54-9A1E7A4F7556}") = "task38", "task38\task38.csproj", "{47049E44-6F1A-4488-BE6D-B62B6CE93D23}"
EndProject
Project("{9A19103F-16F7-4668-BE54-9A1E7A4F7556}") = "task00", "task00\task00.csproj", "{5B33D706-E34C-4217-AC78-92CDC6602C67}"
EndProject
Project("{9A19103F-16F7-4668-BE54-9A1E7A4F7556}") = "task36", "task36\task36.csproj", "{F2C00679-1F3F-4E7A-AE66-D2D42BA85A15}"
EndProject
Project("{9A19103F-16F7-4668-BE54-9A1E7A4F7556}") = "task65", "task65\task65.csproj", "{9F071618-F27E-4EF5-B390-21F87D50FED2}"
EndProject
Project("{9A19103F-16F7-4668-BE54-9A1E7A4F7556}") = "task53", "task53\task53.csproj", "{E58184AB-4577-42F7-A59C-4A86717E462B}"
EndProject
Project("{9A19103F-16F7-4668-BE54-9A1E7A4F7556}") = "task01", "task01\task01.csproj", "{FB09694C-028F-46BD-93F9-E3094157A778}"
EndProject
Project("{9A19103F-16F7-4668-BE54-9A1E7A4F7556}") = "task39", "task39\task39.csproj", "{FDB512D2-6A9E-429B-AFF8-140159546778}"
EndProject
Project("{9A19103F-16F7-4668-BE54-9A1E7A4F7556}") = "task55", "task55\task55.csproj", "{D6AE3217-2653-4728-93F9-3C3F431D9A55}"
EndProject
Project("{9A19103F-16F7-4668-BE54-9A1E7A4F7556}") = "task63", "task63\task63.csproj", "{11A1B846-2914-419A-8F1C-73C4AF7B51C6}"
EndProject
Project("{9A19103F-16F7-4668-BE54-9A1E7A4F7556}") = "task64", "task64\task64.csproj", "{4C065C1A-B39E-4F4C-9C06-44154918CE98}"
EndProject
Project("{9A19103F-16F7-4668-BE54-9A1E7A4F7556}") = "task46", "task46\task46.csproj", "{424DFA7E-7DEC-430E-B167-2C43E32518A1}"
EndProject
Project("{9A19103F-16F7-4668-BE54-9A1E7A4F7556}") = "task41", "task41\task41.csproj", "{7871B479-55D5-4E29-B7E9-A18F9D3C6633}"
EndProject
Project("{9A19103F-16F7-4668-BE54-9A1E7A4F7556}") = "task48", "task48\task48.csproj", "{7D8B2866-4218-4410-B880-FFF577CB4044}"
EndProject
Project("{9A19103F-16F7-4668-BE54-9A1E7A4F7556}") = "task23", "task23\task23.csproj", "{03B0842F-17BE-403A-A4A7-153EAAE99EA1}"
EndProject
Project("{9A19103F-16F7-4668-BE54-9A1E7A4F7556}") = "task15", "task15\task15.csproj", "{A5C17DB3-8735-4BBA-A5D5-769B3DDB70B9}"
EndProject
Project("{9A19103F-16F7-4668-BE54-9A1E7A4F7556}") = "task49", "task49\task49.csproj", "{0644AB18-5858-48DF-B8A5-54AC2E3DA7EC}"
EndProject
Project("{9A19103F-16F7-4668-BE54-9A1E7A4F7556}") = "task40", "task40\task40.csproj", "{763039D2-B2C7-4099-A4DF-AA66D37612C9}"
EndProject
Project("{9A19103F-16F7-4668-BE54-9A1E7A4F7556}") = "task47", "task47\task47.csproj", "{20A4CF1D-C384-4207-B055-57BAE9442476}"
EndProject
Project("{9A19103F-16F7-4668-BE54-9A1E7A4F7556}") = "task13", "task13\task13.csproj", "{523720BE-AEB7-4CB3-9ED8-628911731469}"
EndProject
Project("{9A19103F-16F7-4668-BE54-9A1E7A4F7556}") = "task22", "task22\task22.csproj", "{1D3D6B0C-7204-418A-908A-428C67DB1A9C}"
EndProject
Project("{9A19103F-16F7-4668-BE54-9A1E7A4F7556}") = "task25", "task25\task25.csproj", "{542DDF3C-E179-4175-8FED-23E45CB51FF1}"
EndProject
Project("{2150E333-8FDC-42A3-9474-1A3956D46DE8}") = "task03 (1)", "task03", "{EA4327FD-83A9-45FB-A249-A69F4CAFB435}"
EndProject
Project("{9A19103F-16F7-4668-BE54-9A1E7A4F7556}") = "task07", "task03\task07\task07.csproj", "{D1EDD504-7E9F-4027-998C-25B36B7102CB}"
EndProject
Global
	GlobalSection(SolutionConfigurationPlatforms) = preSolution
		Debug|Any CPU = Debug|Any CPU
		Release|Any CPU = Release|Any CPU
	EndGlobalSection
	GlobalSection(ProjectConfigurationPlatforms) = postSolution
		{10D70551-AE63-4F19-9C3E-4552C2029378}.Debug|Any CPU.ActiveCfg = Debug|Any CPU
		{10D70551-AE63-4F19-9C3E-4552C2029378}.Debug|Any CPU.Build.0 = Debug|Any CPU
		{10D70551-AE63-4F19-9C3E-4552C2029378}.Release|Any CPU.ActiveCfg = Release|Any CPU
		{10D70551-AE63-4F19-9C3E-4552C2029378}.Release|Any CPU.Build.0 = Release|Any CPU
		{3C490E00-AA19-464A-B962-71F22801E2D9}.Debug|Any CPU.ActiveCfg = Debug|Any CPU
		{3C490E00-AA19-464A-B962-71F22801E2D9}.Debug|Any CPU.Build.0 = Debug|Any CPU
		{3C490E00-AA19-464A-B962-71F22801E2D9}.Release|Any CPU.ActiveCfg = Release|Any CPU
		{3C490E00-AA19-464A-B962-71F22801E2D9}.Release|Any CPU.Build.0 = Release|Any CPU
		{DF9739B0-25CF-4069-9154-BD7B5536733B}.Debug|Any CPU.ActiveCfg = Debug|Any CPU
		{DF9739B0-25CF-4069-9154-BD7B5536733B}.Debug|Any CPU.Build.0 = Debug|Any CPU
		{DF9739B0-25CF-4069-9154-BD7B5536733B}.Release|Any CPU.ActiveCfg = Release|Any CPU
		{DF9739B0-25CF-4069-9154-BD7B5536733B}.Release|Any CPU.Build.0 = Release|Any CPU
		{48EFE9D6-013C-4820-A6A0-E4E5C57454BF}.Debug|Any CPU.ActiveCfg = Debug|Any CPU
		{48EFE9D6-013C-4820-A6A0-E4E5C57454BF}.Debug|Any CPU.Build.0 = Debug|Any CPU
		{48EFE9D6-013C-4820-A6A0-E4E5C57454BF}.Release|Any CPU.ActiveCfg = Release|Any CPU
		{48EFE9D6-013C-4820-A6A0-E4E5C57454BF}.Release|Any CPU.Build.0 = Release|Any CPU
		{A1D476C4-5E3C-4ABF-8508-896CA5257278}.Debug|Any CPU.ActiveCfg = Debug|Any CPU
		{A1D476C4-5E3C-4ABF-8508-896CA5257278}.Debug|Any CPU.Build.0 = Debug|Any CPU
		{A1D476C4-5E3C-4ABF-8508-896CA5257278}.Release|Any CPU.ActiveCfg = Release|Any CPU
		{A1D476C4-5E3C-4ABF-8508-896CA5257278}.Release|Any CPU.Build.0 = Release|Any CPU
		{9A17D3A7-BFC5-4D84-A393-3AAC7E23F9CB}.Debug|Any CPU.ActiveCfg = Debug|Any CPU
		{9A17D3A7-BFC5-4D84-A393-3AAC7E23F9CB}.Debug|Any CPU.Build.0 = Debug|Any CPU
		{9A17D3A7-BFC5-4D84-A393-3AAC7E23F9CB}.Release|Any CPU.ActiveCfg = Release|Any CPU
		{9A17D3A7-BFC5-4D84-A393-3AAC7E23F9CB}.Release|Any CPU.Build.0 = Release|Any CPU
		{35CFE353-5A21-427C-BF24-4007D683BE1B}.Debug|Any CPU.ActiveCfg = Debug|Any CPU
		{35CFE353-5A21-427C-BF24-4007D683BE1B}.Debug|Any CPU.Build.0 = Debug|Any CPU
		{35CFE353-5A21-427C-BF24-4007D683BE1B}.Release|Any CPU.ActiveCfg = Release|Any CPU
		{35CFE353-5A21-427C-BF24-4007D683BE1B}.Release|Any CPU.Build.0 = Release|Any CPU
		{D2EBE62C-8307-4BB6-B446-67680B9292F4}.Debug|Any CPU.ActiveCfg = Debug|Any CPU
		{D2EBE62C-8307-4BB6-B446-67680B9292F4}.Debug|Any CPU.Build.0 = Debug|Any CPU
		{D2EBE62C-8307-4BB6-B446-67680B9292F4}.Release|Any CPU.ActiveCfg = Release|Any CPU
		{D2EBE62C-8307-4BB6-B446-67680B9292F4}.Release|Any CPU.Build.0 = Release|Any CPU
		{58B0E684-9480-4EAE-955C-6282B68D1363}.Debug|Any CPU.ActiveCfg = Debug|Any CPU
		{58B0E684-9480-4EAE-955C-6282B68D1363}.Debug|Any CPU.Build.0 = Debug|Any CPU
		{58B0E684-9480-4EAE-955C-6282B68D1363}.Release|Any CPU.ActiveCfg = Release|Any CPU
		{58B0E684-9480-4EAE-955C-6282B68D1363}.Release|Any CPU.Build.0 = Release|Any CPU
		{E5535E45-06BB-4E87-A09C-8AD4F0FD1A98}.Debug|Any CPU.ActiveCfg = Debug|Any CPU
		{E5535E45-06BB-4E87-A09C-8AD4F0FD1A98}.Debug|Any CPU.Build.0 = Debug|Any CPU
		{E5535E45-06BB-4E87-A09C-8AD4F0FD1A98}.Release|Any CPU.ActiveCfg = Release|Any CPU
		{E5535E45-06BB-4E87-A09C-8AD4F0FD1A98}.Release|Any CPU.Build.0 = Release|Any CPU
		{07DFBAE9-C313-462E-82FF-1FF5A30CD463}.Debug|Any CPU.ActiveCfg = Debug|Any CPU
		{07DFBAE9-C313-462E-82FF-1FF5A30CD463}.Debug|Any CPU.Build.0 = Debug|Any CPU
		{07DFBAE9-C313-462E-82FF-1FF5A30CD463}.Release|Any CPU.ActiveCfg = Release|Any CPU
		{07DFBAE9-C313-462E-82FF-1FF5A30CD463}.Release|Any CPU.Build.0 = Release|Any CPU
		{E0CA36EA-ACE1-41EA-9F5A-C939AB4FE3DD}.Debug|Any CPU.ActiveCfg = Debug|Any CPU
		{E0CA36EA-ACE1-41EA-9F5A-C939AB4FE3DD}.Debug|Any CPU.Build.0 = Debug|Any CPU
		{E0CA36EA-ACE1-41EA-9F5A-C939AB4FE3DD}.Release|Any CPU.ActiveCfg = Release|Any CPU
		{E0CA36EA-ACE1-41EA-9F5A-C939AB4FE3DD}.Release|Any CPU.Build.0 = Release|Any CPU
		{136C4BE7-CD34-42BD-B7C9-478B4FBD49BE}.Debug|Any CPU.ActiveCfg = Debug|Any CPU
		{136C4BE7-CD34-42BD-B7C9-478B4FBD49BE}.Debug|Any CPU.Build.0 = Debug|Any CPU
		{136C4BE7-CD34-42BD-B7C9-478B4FBD49BE}.Release|Any CPU.ActiveCfg = Release|Any CPU
		{136C4BE7-CD34-42BD-B7C9-478B4FBD49BE}.Release|Any CPU.Build.0 = Release|Any CPU
		{04B8238F-12F8-4EB4-8E43-3FEEC1C95198}.Debug|Any CPU.ActiveCfg = Debug|Any CPU
		{04B8238F-12F8-4EB4-8E43-3FEEC1C95198}.Debug|Any CPU.Build.0 = Debug|Any CPU
		{04B8238F-12F8-4EB4-8E43-3FEEC1C95198}.Release|Any CPU.ActiveCfg = Release|Any CPU
		{04B8238F-12F8-4EB4-8E43-3FEEC1C95198}.Release|Any CPU.Build.0 = Release|Any CPU
		{16519309-D757-40AC-B9F6-E81E1DBEAB70}.Debug|Any CPU.ActiveCfg = Debug|Any CPU
		{16519309-D757-40AC-B9F6-E81E1DBEAB70}.Debug|Any CPU.Build.0 = Debug|Any CPU
		{16519309-D757-40AC-B9F6-E81E1DBEAB70}.Release|Any CPU.ActiveCfg = Release|Any CPU
		{16519309-D757-40AC-B9F6-E81E1DBEAB70}.Release|Any CPU.Build.0 = Release|Any CPU
		{BE7CB84E-84B2-41D0-87B8-18A79138F6F1}.Debug|Any CPU.ActiveCfg = Debug|Any CPU
		{BE7CB84E-84B2-41D0-87B8-18A79138F6F1}.Debug|Any CPU.Build.0 = Debug|Any CPU
		{BE7CB84E-84B2-41D0-87B8-18A79138F6F1}.Release|Any CPU.ActiveCfg = Release|Any CPU
		{BE7CB84E-84B2-41D0-87B8-18A79138F6F1}.Release|Any CPU.Build.0 = Release|Any CPU
		{0B8A541B-B82C-4E41-9822-18AC004BB442}.Debug|Any CPU.ActiveCfg = Debug|Any CPU
		{0B8A541B-B82C-4E41-9822-18AC004BB442}.Debug|Any CPU.Build.0 = Debug|Any CPU
		{0B8A541B-B82C-4E41-9822-18AC004BB442}.Release|Any CPU.ActiveCfg = Release|Any CPU
		{0B8A541B-B82C-4E41-9822-18AC004BB442}.Release|Any CPU.Build.0 = Release|Any CPU
		{782B9AAA-A704-47F3-BA0B-F0FB2B0E08FE}.Debug|Any CPU.ActiveCfg = Debug|Any CPU
		{782B9AAA-A704-47F3-BA0B-F0FB2B0E08FE}.Debug|Any CPU.Build.0 = Debug|Any CPU
		{782B9AAA-A704-47F3-BA0B-F0FB2B0E08FE}.Release|Any CPU.ActiveCfg = Release|Any CPU
		{782B9AAA-A704-47F3-BA0B-F0FB2B0E08FE}.Release|Any CPU.Build.0 = Release|Any CPU
		{313DE5AA-3BAB-4433-99FF-D9F297C422C7}.Debug|Any CPU.ActiveCfg = Debug|Any CPU
		{313DE5AA-3BAB-4433-99FF-D9F297C422C7}.Debug|Any CPU.Build.0 = Debug|Any CPU
		{313DE5AA-3BAB-4433-99FF-D9F297C422C7}.Release|Any CPU.ActiveCfg = Release|Any CPU
		{313DE5AA-3BAB-4433-99FF-D9F297C422C7}.Release|Any CPU.Build.0 = Release|Any CPU
		{647B4551-219F-4C3A-8355-921B583F2CFE}.Debug|Any CPU.ActiveCfg = Debug|Any CPU
		{647B4551-219F-4C3A-8355-921B583F2CFE}.Debug|Any CPU.Build.0 = Debug|Any CPU
		{647B4551-219F-4C3A-8355-921B583F2CFE}.Release|Any CPU.ActiveCfg = Release|Any CPU
		{647B4551-219F-4C3A-8355-921B583F2CFE}.Release|Any CPU.Build.0 = Release|Any CPU
		{26248807-06A3-4108-836C-101811FD6416}.Debug|Any CPU.ActiveCfg = Debug|Any CPU
		{26248807-06A3-4108-836C-101811FD6416}.Debug|Any CPU.Build.0 = Debug|Any CPU
		{26248807-06A3-4108-836C-101811FD6416}.Release|Any CPU.ActiveCfg = Release|Any CPU
		{26248807-06A3-4108-836C-101811FD6416}.Release|Any CPU.Build.0 = Release|Any CPU
		{47049E44-6F1A-4488-BE6D-B62B6CE93D23}.Debug|Any CPU.ActiveCfg = Debug|Any CPU
		{47049E44-6F1A-4488-BE6D-B62B6CE93D23}.Debug|Any CPU.Build.0 = Debug|Any CPU
		{47049E44-6F1A-4488-BE6D-B62B6CE93D23}.Release|Any CPU.ActiveCfg = Release|Any CPU
		{47049E44-6F1A-4488-BE6D-B62B6CE93D23}.Release|Any CPU.Build.0 = Release|Any CPU
		{5B33D706-E34C-4217-AC78-92CDC6602C67}.Debug|Any CPU.ActiveCfg = Debug|Any CPU
		{5B33D706-E34C-4217-AC78-92CDC6602C67}.Debug|Any CPU.Build.0 = Debug|Any CPU
		{5B33D706-E34C-4217-AC78-92CDC6602C67}.Release|Any CPU.ActiveCfg = Release|Any CPU
		{5B33D706-E34C-4217-AC78-92CDC6602C67}.Release|Any CPU.Build.0 = Release|Any CPU
		{F2C00679-1F3F-4E7A-AE66-D2D42BA85A15}.Debug|Any CPU.ActiveCfg = Debug|Any CPU
		{F2C00679-1F3F-4E7A-AE66-D2D42BA85A15}.Debug|Any CPU.Build.0 = Debug|Any CPU
		{F2C00679-1F3F-4E7A-AE66-D2D42BA85A15}.Release|Any CPU.ActiveCfg = Release|Any CPU
		{F2C00679-1F3F-4E7A-AE66-D2D42BA85A15}.Release|Any CPU.Build.0 = Release|Any CPU
		{9F071618-F27E-4EF5-B390-21F87D50FED2}.Debug|Any CPU.ActiveCfg = Debug|Any CPU
		{9F071618-F27E-4EF5-B390-21F87D50FED2}.Debug|Any CPU.Build.0 = Debug|Any CPU
		{9F071618-F27E-4EF5-B390-21F87D50FED2}.Release|Any CPU.ActiveCfg = Release|Any CPU
		{9F071618-F27E-4EF5-B390-21F87D50FED2}.Release|Any CPU.Build.0 = Release|Any CPU
		{E58184AB-4577-42F7-A59C-4A86717E462B}.Debug|Any CPU.ActiveCfg = Debug|Any CPU
		{E58184AB-4577-42F7-A59C-4A86717E462B}.Debug|Any CPU.Build.0 = Debug|Any CPU
		{E58184AB-4577-42F7-A59C-4A86717E462B}.Release|Any CPU.ActiveCfg = Release|Any CPU
		{E58184AB-4577-42F7-A59C-4A86717E462B}.Release|Any CPU.Build.0 = Release|Any CPU
		{FB09694C-028F-46BD-93F9-E3094157A778}.Debug|Any CPU.ActiveCfg = Debug|Any CPU
		{FB09694C-028F-46BD-93F9-E3094157A778}.Debug|Any CPU.Build.0 = Debug|Any CPU
		{FB09694C-028F-46BD-93F9-E3094157A778}.Release|Any CPU.ActiveCfg = Release|Any CPU
		{FB09694C-028F-46BD-93F9-E3094157A778}.Release|Any CPU.Build.0 = Release|Any CPU
		{FDB512D2-6A9E-429B-AFF8-140159546778}.Debug|Any CPU.ActiveCfg = Debug|Any CPU
		{FDB512D2-6A9E-429B-AFF8-140159546778}.Debug|Any CPU.Build.0 = Debug|Any CPU
		{FDB512D2-6A9E-429B-AFF8-140159546778}.Release|Any CPU.ActiveCfg = Release|Any CPU
		{FDB512D2-6A9E-429B-AFF8-140159546778}.Release|Any CPU.Build.0 = Release|Any CPU
		{D6AE3217-2653-4728-93F9-3C3F431D9A55}.Debug|Any CPU.ActiveCfg = Debug|Any CPU
		{D6AE3217-2653-4728-93F9-3C3F431D9A55}.Debug|Any CPU.Build.0 = Debug|Any CPU
		{D6AE3217-2653-4728-93F9-3C3F431D9A55}.Release|Any CPU.ActiveCfg = Release|Any CPU
		{D6AE3217-2653-4728-93F9-3C3F431D9A55}.Release|Any CPU.Build.0 = Release|Any CPU
		{11A1B846-2914-419A-8F1C-73C4AF7B51C6}.Debug|Any CPU.ActiveCfg = Debug|Any CPU
		{11A1B846-2914-419A-8F1C-73C4AF7B51C6}.Debug|Any CPU.Build.0 = Debug|Any CPU
		{11A1B846-2914-419A-8F1C-73C4AF7B51C6}.Release|Any CPU.ActiveCfg = Release|Any CPU
		{11A1B846-2914-419A-8F1C-73C4AF7B51C6}.Release|Any CPU.Build.0 = Release|Any CPU
		{4C065C1A-B39E-4F4C-9C06-44154918CE98}.Debug|Any CPU.ActiveCfg = Debug|Any CPU
		{4C065C1A-B39E-4F4C-9C06-44154918CE98}.Debug|Any CPU.Build.0 = Debug|Any CPU
		{4C065C1A-B39E-4F4C-9C06-44154918CE98}.Release|Any CPU.ActiveCfg = Release|Any CPU
		{4C065C1A-B39E-4F4C-9C06-44154918CE98}.Release|Any CPU.Build.0 = Release|Any CPU
		{424DFA7E-7DEC-430E-B167-2C43E32518A1}.Debug|Any CPU.ActiveCfg = Debug|Any CPU
		{424DFA7E-7DEC-430E-B167-2C43E32518A1}.Debug|Any CPU.Build.0 = Debug|Any CPU
		{424DFA7E-7DEC-430E-B167-2C43E32518A1}.Release|Any CPU.ActiveCfg = Release|Any CPU
		{424DFA7E-7DEC-430E-B167-2C43E32518A1}.Release|Any CPU.Build.0 = Release|Any CPU
		{7871B479-55D5-4E29-B7E9-A18F9D3C6633}.Debug|Any CPU.ActiveCfg = Debug|Any CPU
		{7871B479-55D5-4E29-B7E9-A18F9D3C6633}.Debug|Any CPU.Build.0 = Debug|Any CPU
		{7871B479-55D5-4E29-B7E9-A18F9D3C6633}.Release|Any CPU.ActiveCfg = Release|Any CPU
		{7871B479-55D5-4E29-B7E9-A18F9D3C6633}.Release|Any CPU.Build.0 = Release|Any CPU
		{7D8B2866-4218-4410-B880-FFF577CB4044}.Debug|Any CPU.ActiveCfg = Debug|Any CPU
		{7D8B2866-4218-4410-B880-FFF577CB4044}.Debug|Any CPU.Build.0 = Debug|Any CPU
		{7D8B2866-4218-4410-B880-FFF577CB4044}.Release|Any CPU.ActiveCfg = Release|Any CPU
		{7D8B2866-4218-4410-B880-FFF577CB4044}.Release|Any CPU.Build.0 = Release|Any CPU
		{03B0842F-17BE-403A-A4A7-153EAAE99EA1}.Debug|Any CPU.ActiveCfg = Debug|Any CPU
		{03B0842F-17BE-403A-A4A7-153EAAE99EA1}.Debug|Any CPU.Build.0 = Debug|Any CPU
		{03B0842F-17BE-403A-A4A7-153EAAE99EA1}.Release|Any CPU.ActiveCfg = Release|Any CPU
		{03B0842F-17BE-403A-A4A7-153EAAE99EA1}.Release|Any CPU.Build.0 = Release|Any CPU
		{A5C17DB3-8735-4BBA-A5D5-769B3DDB70B9}.Debug|Any CPU.ActiveCfg = Debug|Any CPU
		{A5C17DB3-8735-4BBA-A5D5-769B3DDB70B9}.Debug|Any CPU.Build.0 = Debug|Any CPU
		{A5C17DB3-8735-4BBA-A5D5-769B3DDB70B9}.Release|Any CPU.ActiveCfg = Release|Any CPU
		{A5C17DB3-8735-4BBA-A5D5-769B3DDB70B9}.Release|Any CPU.Build.0 = Release|Any CPU
		{0644AB18-5858-48DF-B8A5-54AC2E3DA7EC}.Debug|Any CPU.ActiveCfg = Debug|Any CPU
		{0644AB18-5858-48DF-B8A5-54AC2E3DA7EC}.Debug|Any CPU.Build.0 = Debug|Any CPU
		{0644AB18-5858-48DF-B8A5-54AC2E3DA7EC}.Release|Any CPU.ActiveCfg = Release|Any CPU
		{0644AB18-5858-48DF-B8A5-54AC2E3DA7EC}.Release|Any CPU.Build.0 = Release|Any CPU
		{763039D2-B2C7-4099-A4DF-AA66D37612C9}.Debug|Any CPU.ActiveCfg = Debug|Any CPU
		{763039D2-B2C7-4099-A4DF-AA66D37612C9}.Debug|Any CPU.Build.0 = Debug|Any CPU
		{763039D2-B2C7-4099-A4DF-AA66D37612C9}.Release|Any CPU.ActiveCfg = Release|Any CPU
		{763039D2-B2C7-4099-A4DF-AA66D37612C9}.Release|Any CPU.Build.0 = Release|Any CPU
		{20A4CF1D-C384-4207-B055-57BAE9442476}.Debug|Any CPU.ActiveCfg = Debug|Any CPU
		{20A4CF1D-C384-4207-B055-57BAE9442476}.Debug|Any CPU.Build.0 = Debug|Any CPU
		{20A4CF1D-C384-4207-B055-57BAE9442476}.Release|Any CPU.ActiveCfg = Release|Any CPU
		{20A4CF1D-C384-4207-B055-57BAE9442476}.Release|Any CPU.Build.0 = Release|Any CPU
		{523720BE-AEB7-4CB3-9ED8-628911731469}.Debug|Any CPU.ActiveCfg = Debug|Any CPU
		{523720BE-AEB7-4CB3-9ED8-628911731469}.Debug|Any CPU.Build.0 = Debug|Any CPU
		{523720BE-AEB7-4CB3-9ED8-628911731469}.Release|Any CPU.ActiveCfg = Release|Any CPU
		{523720BE-AEB7-4CB3-9ED8-628911731469}.Release|Any CPU.Build.0 = Release|Any CPU
		{1D3D6B0C-7204-418A-908A-428C67DB1A9C}.Debug|Any CPU.ActiveCfg = Debug|Any CPU
		{1D3D6B0C-7204-418A-908A-428C67DB1A9C}.Debug|Any CPU.Build.0 = Debug|Any CPU
		{1D3D6B0C-7204-418A-908A-428C67DB1A9C}.Release|Any CPU.ActiveCfg = Release|Any CPU
		{1D3D6B0C-7204-418A-908A-428C67DB1A9C}.Release|Any CPU.Build.0 = Release|Any CPU
		{542DDF3C-E179-4175-8FED-23E45CB51FF1}.Debug|Any CPU.ActiveCfg = Debug|Any CPU
		{542DDF3C-E179-4175-8FED-23E45CB51FF1}.Debug|Any CPU.Build.0 = Debug|Any CPU
		{542DDF3C-E179-4175-8FED-23E45CB51FF1}.Release|Any CPU.ActiveCfg = Release|Any CPU
		{542DDF3C-E179-4175-8FED-23E45CB51FF1}.Release|Any CPU.Build.0 = Release|Any CPU
		{D1EDD504-7E9F-4027-998C-25B36B7102CB}.Debug|Any CPU.ActiveCfg = Debug|Any CPU
		{D1EDD504-7E9F-4027-998C-25B36B7102CB}.Debug|Any CPU.Build.0 = Debug|Any CPU
		{D1EDD504-7E9F-4027-998C-25B36B7102CB}.Release|Any CPU.ActiveCfg = Release|Any CPU
		{D1EDD504-7E9F-4027-998C-25B36B7102CB}.Release|Any CPU.Build.0 = Release|Any CPU
	EndGlobalSection
	GlobalSection(SolutionProperties) = preSolution
		HideSolutionNode = FALSE
	EndGlobalSection
	GlobalSection(NestedProjects) = preSolution
		{D1EDD504-7E9F-4027-998C-25B36B7102CB} = {EA4327FD-83A9-45FB-A249-A69F4CAFB435}
	EndGlobalSection
	GlobalSection(ExtensibilityGlobals) = postSolution
		SolutionGuid = {275C9B5A-361E-4353-AFD4-4A2AEC9E3A66}
	EndGlobalSection
EndGlobal
